// !$*UTF8*$!
{
	archiveVersion = 1;
	classes = {
	};
	objectVersion = 46;
	objects = {

/* Begin PBXBuildFile section */
		C4080A5B1A7457D8000B011F /* AppDelegate.swift in Sources */ = {isa = PBXBuildFile; fileRef = C4080A5A1A7457D8000B011F /* AppDelegate.swift */; };
		C4080A601A7457D8000B011F /* Main.storyboard in Resources */ = {isa = PBXBuildFile; fileRef = C4080A5E1A7457D8000B011F /* Main.storyboard */; };
		C4080A621A7457D8000B011F /* Images.xcassets in Resources */ = {isa = PBXBuildFile; fileRef = C4080A611A7457D8000B011F /* Images.xcassets */; };
		C4080A651A7457D8000B011F /* LaunchScreen.xib in Resources */ = {isa = PBXBuildFile; fileRef = C4080A631A7457D8000B011F /* LaunchScreen.xib */; };
		C4080A711A7457D8000B011F /* github_fellowsTests.swift in Sources */ = {isa = PBXBuildFile; fileRef = C4080A701A7457D8000B011F /* github_fellowsTests.swift */; };
		C4080A7B1A745929000B011F /* HomeTableViewController.swift in Sources */ = {isa = PBXBuildFile; fileRef = C4080A7A1A745929000B011F /* HomeTableViewController.swift */; };
		C4080A7D1A7459E2000B011F /* NetworkController.swift in Sources */ = {isa = PBXBuildFile; fileRef = C4080A7C1A7459E2000B011F /* NetworkController.swift */; };
		C4080A7F1A746D6B000B011F /* Repository.swift in Sources */ = {isa = PBXBuildFile; fileRef = C4080A7E1A746D6B000B011F /* Repository.swift */; };
		C4080A811A746E10000B011F /* User.swift in Sources */ = {isa = PBXBuildFile; fileRef = C4080A801A746E10000B011F /* User.swift */; };
		C4080A831A74793D000B011F /* SearchRepoViewController.swift in Sources */ = {isa = PBXBuildFile; fileRef = C4080A821A74793D000B011F /* SearchRepoViewController.swift */; };
		C40CD2BE1A7525CD008A5EFA /* UserDetailViewController.swift in Sources */ = {isa = PBXBuildFile; fileRef = C40CD2BD1A7525CD008A5EFA /* UserDetailViewController.swift */; };
		C40CD2C01A752C80008A5EFA /* WebViewController.swift in Sources */ = {isa = PBXBuildFile; fileRef = C40CD2BF1A752C80008A5EFA /* WebViewController.swift */; };
		C41B90621A7481440036604D /* UserSearchViewController.swift in Sources */ = {isa = PBXBuildFile; fileRef = C41B90611A7481440036604D /* UserSearchViewController.swift */; };
		C49F48011A74A2C00075E378 /* ToUserDetailAnimationController.swift in Sources */ = {isa = PBXBuildFile; fileRef = C49F48001A74A2C00075E378 /* ToUserDetailAnimationController.swift */; };
		C4CF33711A748BED0018513E /* Extensions.swift in Sources */ = {isa = PBXBuildFile; fileRef = C4CF33701A748BED0018513E /* Extensions.swift */; };
		C4CF33731A7497D90018513E /* UserCollectionViewCell.swift in Sources */ = {isa = PBXBuildFile; fileRef = C4CF33721A7497D90018513E /* UserCollectionViewCell.swift */; };
/* End PBXBuildFile section */

/* Begin PBXContainerItemProxy section */
		C4080A6B1A7457D8000B011F /* PBXContainerItemProxy */ = {
			isa = PBXContainerItemProxy;
			containerPortal = C4080A4D1A7457D8000B011F /* Project object */;
			proxyType = 1;
			remoteGlobalIDString = C4080A541A7457D8000B011F;
			remoteInfo = github_fellows;
		};
/* End PBXContainerItemProxy section */

/* Begin PBXFileReference section */
		C4080A551A7457D8000B011F /* github_fellows.app */ = {isa = PBXFileReference; explicitFileType = wrapper.application; includeInIndex = 0; path = github_fellows.app; sourceTree = BUILT_PRODUCTS_DIR; };
		C4080A591A7457D8000B011F /* Info.plist */ = {isa = PBXFileReference; lastKnownFileType = text.plist.xml; path = Info.plist; sourceTree = "<group>"; };
		C4080A5A1A7457D8000B011F /* AppDelegate.swift */ = {isa = PBXFileReference; lastKnownFileType = sourcecode.swift; path = AppDelegate.swift; sourceTree = "<group>"; };
		C4080A5F1A7457D8000B011F /* Base */ = {isa = PBXFileReference; lastKnownFileType = file.storyboard; name = Base; path = Base.lproj/Main.storyboard; sourceTree = "<group>"; };
		C4080A611A7457D8000B011F /* Images.xcassets */ = {isa = PBXFileReference; lastKnownFileType = folder.assetcatalog; path = Images.xcassets; sourceTree = "<group>"; };
		C4080A641A7457D8000B011F /* Base */ = {isa = PBXFileReference; lastKnownFileType = file.xib; name = Base; path = Base.lproj/LaunchScreen.xib; sourceTree = "<group>"; };
		C4080A6A1A7457D8000B011F /* github_fellowsTests.xctest */ = {isa = PBXFileReference; explicitFileType = wrapper.cfbundle; includeInIndex = 0; path = github_fellowsTests.xctest; sourceTree = BUILT_PRODUCTS_DIR; };
		C4080A6F1A7457D8000B011F /* Info.plist */ = {isa = PBXFileReference; lastKnownFileType = text.plist.xml; path = Info.plist; sourceTree = "<group>"; };
		C4080A701A7457D8000B011F /* github_fellowsTests.swift */ = {isa = PBXFileReference; lastKnownFileType = sourcecode.swift; path = github_fellowsTests.swift; sourceTree = "<group>"; };
		C4080A7A1A745929000B011F /* HomeTableViewController.swift */ = {isa = PBXFileReference; fileEncoding = 4; lastKnownFileType = sourcecode.swift; path = HomeTableViewController.swift; sourceTree = "<group>"; };
		C4080A7C1A7459E2000B011F /* NetworkController.swift */ = {isa = PBXFileReference; fileEncoding = 4; lastKnownFileType = sourcecode.swift; path = NetworkController.swift; sourceTree = "<group>"; };
		C4080A7E1A746D6B000B011F /* Repository.swift */ = {isa = PBXFileReference; fileEncoding = 4; lastKnownFileType = sourcecode.swift; path = Repository.swift; sourceTree = "<group>"; };
		C4080A801A746E10000B011F /* User.swift */ = {isa = PBXFileReference; fileEncoding = 4; lastKnownFileType = sourcecode.swift; path = User.swift; sourceTree = "<group>"; };
		C4080A821A74793D000B011F /* SearchRepoViewController.swift */ = {isa = PBXFileReference; fileEncoding = 4; lastKnownFileType = sourcecode.swift; path = SearchRepoViewController.swift; sourceTree = "<group>"; };
		C40CD2BD1A7525CD008A5EFA /* UserDetailViewController.swift */ = {isa = PBXFileReference; fileEncoding = 4; lastKnownFileType = sourcecode.swift; path = UserDetailViewController.swift; sourceTree = "<group>"; };
		C40CD2BF1A752C80008A5EFA /* WebViewController.swift */ = {isa = PBXFileReference; fileEncoding = 4; lastKnownFileType = sourcecode.swift; name = WebViewController.swift; path = github_fellows/WebViewController.swift; sourceTree = "<group>"; };
		C41B90611A7481440036604D /* UserSearchViewController.swift */ = {isa = PBXFileReference; fileEncoding = 4; lastKnownFileType = sourcecode.swift; path = UserSearchViewController.swift; sourceTree = "<group>"; };
		C49F48001A74A2C00075E378 /* ToUserDetailAnimationController.swift */ = {isa = PBXFileReference; fileEncoding = 4; lastKnownFileType = sourcecode.swift; name = ToUserDetailAnimationController.swift; path = ../ToUserDetailAnimationController.swift; sourceTree = "<group>"; };
		C4CF33701A748BED0018513E /* Extensions.swift */ = {isa = PBXFileReference; fileEncoding = 4; lastKnownFileType = sourcecode.swift; path = Extensions.swift; sourceTree = "<group>"; };
		C4CF33721A7497D90018513E /* UserCollectionViewCell.swift */ = {isa = PBXFileReference; fileEncoding = 4; lastKnownFileType = sourcecode.swift; path = UserCollectionViewCell.swift; sourceTree = "<group>"; };
/* End PBXFileReference section */

/* Begin PBXFrameworksBuildPhase section */
		C4080A521A7457D8000B011F /* Frameworks */ = {
			isa = PBXFrameworksBuildPhase;
			buildActionMask = 2147483647;
			files = (
			);
			runOnlyForDeploymentPostprocessing = 0;
		};
		C4080A671A7457D8000B011F /* Frameworks */ = {
			isa = PBXFrameworksBuildPhase;
			buildActionMask = 2147483647;
			files = (
			);
			runOnlyForDeploymentPostprocessing = 0;
		};
/* End PBXFrameworksBuildPhase section */

/* Begin PBXGroup section */
		C4080A4C1A7457D8000B011F = {
			isa = PBXGroup;
			children = (
				C40CD2BF1A752C80008A5EFA /* WebViewController.swift */,
				C4080A571A7457D8000B011F /* github_fellows */,
				C4080A6D1A7457D8000B011F /* github_fellowsTests */,
				C4080A561A7457D8000B011F /* Products */,
			);
			sourceTree = "<group>";
		};
		C4080A561A7457D8000B011F /* Products */ = {
			isa = PBXGroup;
			children = (
				C4080A551A7457D8000B011F /* github_fellows.app */,
				C4080A6A1A7457D8000B011F /* github_fellowsTests.xctest */,
			);
			name = Products;
			sourceTree = "<group>";
		};
		C4080A571A7457D8000B011F /* github_fellows */ = {
			isa = PBXGroup;
			children = (
				C49F48001A74A2C00075E378 /* ToUserDetailAnimationController.swift */,
				C4080A5A1A7457D8000B011F /* AppDelegate.swift */,
				C4080A5E1A7457D8000B011F /* Main.storyboard */,
				C4080A7C1A7459E2000B011F /* NetworkController.swift */,
				C41B90611A7481440036604D /* UserSearchViewController.swift */,
				C40CD2BD1A7525CD008A5EFA /* UserDetailViewController.swift */,
				C4CF33721A7497D90018513E /* UserCollectionViewCell.swift */,
				C4CF33701A748BED0018513E /* Extensions.swift */,
				C4080A7E1A746D6B000B011F /* Repository.swift */,
				C4080A801A746E10000B011F /* User.swift */,
				C4080A821A74793D000B011F /* SearchRepoViewController.swift */,
				C4080A7A1A745929000B011F /* HomeTableViewController.swift */,
				C4080A611A7457D8000B011F /* Images.xcassets */,
				C4080A631A7457D8000B011F /* LaunchScreen.xib */,
				C4080A581A7457D8000B011F /* Supporting Files */,
			);
			path = github_fellows;
			sourceTree = "<group>";
		};
		C4080A581A7457D8000B011F /* Supporting Files */ = {
			isa = PBXGroup;
			children = (
				C4080A591A7457D8000B011F /* Info.plist */,
			);
			name = "Supporting Files";
			sourceTree = "<group>";
		};
		C4080A6D1A7457D8000B011F /* github_fellowsTests */ = {
			isa = PBXGroup;
			children = (
				C4080A701A7457D8000B011F /* github_fellowsTests.swift */,
				C4080A6E1A7457D8000B011F /* Supporting Files */,
			);
			path = github_fellowsTests;
			sourceTree = "<group>";
		};
		C4080A6E1A7457D8000B011F /* Supporting Files */ = {
			isa = PBXGroup;
			children = (
				C4080A6F1A7457D8000B011F /* Info.plist */,
			);
			name = "Supporting Files";
			sourceTree = "<group>";
		};
/* End PBXGroup section */

/* Begin PBXNativeTarget section */
		C4080A541A7457D8000B011F /* github_fellows */ = {
			isa = PBXNativeTarget;
			buildConfigurationList = C4080A741A7457D8000B011F /* Build configuration list for PBXNativeTarget "github_fellows" */;
			buildPhases = (
				C4080A511A7457D8000B011F /* Sources */,
				C4080A521A7457D8000B011F /* Frameworks */,
				C4080A531A7457D8000B011F /* Resources */,
			);
			buildRules = (
			);
			dependencies = (
			);
			name = github_fellows;
			productName = github_fellows;
			productReference = C4080A551A7457D8000B011F /* github_fellows.app */;
			productType = "com.apple.product-type.application";
		};
		C4080A691A7457D8000B011F /* github_fellowsTests */ = {
			isa = PBXNativeTarget;
			buildConfigurationList = C4080A771A7457D8000B011F /* Build configuration list for PBXNativeTarget "github_fellowsTests" */;
			buildPhases = (
				C4080A661A7457D8000B011F /* Sources */,
				C4080A671A7457D8000B011F /* Frameworks */,
				C4080A681A7457D8000B011F /* Resources */,
			);
			buildRules = (
			);
			dependencies = (
				C4080A6C1A7457D8000B011F /* PBXTargetDependency */,
			);
			name = github_fellowsTests;
			productName = github_fellowsTests;
			productReference = C4080A6A1A7457D8000B011F /* github_fellowsTests.xctest */;
			productType = "com.apple.product-type.bundle.unit-test";
		};
/* End PBXNativeTarget section */

/* Begin PBXProject section */
		C4080A4D1A7457D8000B011F /* Project object */ = {
			isa = PBXProject;
			attributes = {
				LastUpgradeCheck = 0610;
				ORGANIZATIONNAME = nanud;
				TargetAttributes = {
					C4080A541A7457D8000B011F = {
						CreatedOnToolsVersion = 6.1.1;
					};
					C4080A691A7457D8000B011F = {
						CreatedOnToolsVersion = 6.1.1;
						TestTargetID = C4080A541A7457D8000B011F;
					};
				};
			};
			buildConfigurationList = C4080A501A7457D8000B011F /* Build configuration list for PBXProject "github_fellows" */;
			compatibilityVersion = "Xcode 3.2";
			developmentRegion = English;
			hasScannedForEncodings = 0;
			knownRegions = (
				en,
				Base,
			);
			mainGroup = C4080A4C1A7457D8000B011F;
			productRefGroup = C4080A561A7457D8000B011F /* Products */;
			projectDirPath = "";
			projectRoot = "";
			targets = (
				C4080A541A7457D8000B011F /* github_fellows */,
				C4080A691A7457D8000B011F /* github_fellowsTests */,
			);
		};
/* End PBXProject section */

/* Begin PBXResourcesBuildPhase section */
		C4080A531A7457D8000B011F /* Resources */ = {
			isa = PBXResourcesBuildPhase;
			buildActionMask = 2147483647;
			files = (
				C4080A601A7457D8000B011F /* Main.storyboard in Resources */,
				C4080A651A7457D8000B011F /* LaunchScreen.xib in Resources */,
				C4080A621A7457D8000B011F /* Images.xcassets in Resources */,
			);
			runOnlyForDeploymentPostprocessing = 0;
		};
		C4080A681A7457D8000B011F /* Resources */ = {
			isa = PBXResourcesBuildPhase;
			buildActionMask = 2147483647;
			files = (
			);
			runOnlyForDeploymentPostprocessing = 0;
		};
/* End PBXResourcesBuildPhase section */

/* Begin PBXSourcesBuildPhase section */
		C4080A511A7457D8000B011F /* Sources */ = {
			isa = PBXSourcesBuildPhase;
			buildActionMask = 2147483647;
			files = (
				C4080A7B1A745929000B011F /* HomeTableViewController.swift in Sources */,
				C4CF33711A748BED0018513E /* Extensions.swift in Sources */,
				C40CD2BE1A7525CD008A5EFA /* UserDetailViewController.swift in Sources */,
				C4080A5B1A7457D8000B011F /* AppDelegate.swift in Sources */,
				C4080A7D1A7459E2000B011F /* NetworkController.swift in Sources */,
				C4080A811A746E10000B011F /* User.swift in Sources */,
				C41B90621A7481440036604D /* UserSearchViewController.swift in Sources */,
				C40CD2C01A752C80008A5EFA /* WebViewController.swift in Sources */,
				C4080A831A74793D000B011F /* SearchRepoViewController.swift in Sources */,
				C4080A7F1A746D6B000B011F /* Repository.swift in Sources */,
				C4CF33731A7497D90018513E /* UserCollectionViewCell.swift in Sources */,
				C49F48011A74A2C00075E378 /* ToUserDetailAnimationController.swift in Sources */,
			);
			runOnlyForDeploymentPostprocessing = 0;
		};
		C4080A661A7457D8000B011F /* Sources */ = {
			isa = PBXSourcesBuildPhase;
			buildActionMask = 2147483647;
			files = (
				C4080A711A7457D8000B011F /* github_fellowsTests.swift in Sources */,
			);
			runOnlyForDeploymentPostprocessing = 0;
		};
/* End PBXSourcesBuildPhase section */

/* Begin PBXTargetDependency section */
		C4080A6C1A7457D8000B011F /* PBXTargetDependency */ = {
			isa = PBXTargetDependency;
			target = C4080A541A7457D8000B011F /* github_fellows */;
			targetProxy = C4080A6B1A7457D8000B011F /* PBXContainerItemProxy */;
		};
/* End PBXTargetDependency section */

/* Begin PBXVariantGroup section */
		C4080A5E1A7457D8000B011F /* Main.storyboard */ = {
			isa = PBXVariantGroup;
			children = (
				C4080A5F1A7457D8000B011F /* Base */,
			);
			name = Main.storyboard;
			sourceTree = "<group>";
		};
		C4080A631A7457D8000B011F /* LaunchScreen.xib */ = {
			isa = PBXVariantGroup;
			children = (
				C4080A641A7457D8000B011F /* Base */,
			);
			name = LaunchScreen.xib;
			sourceTree = "<group>";
		};
/* End PBXVariantGroup section */

/* Begin XCBuildConfiguration section */
		C4080A721A7457D8000B011F /* Debug */ = {
			isa = XCBuildConfiguration;
			buildSettings = {
				ALWAYS_SEARCH_USER_PATHS = NO;
				CLANG_CXX_LANGUAGE_STANDARD = "gnu++0x";
				CLANG_CXX_LIBRARY = "libc++";
				CLANG_ENABLE_MODULES = YES;
				CLANG_ENABLE_OBJC_ARC = YES;
				CLANG_WARN_BOOL_CONVERSION = YES;
				CLANG_WARN_CONSTANT_CONVERSION = YES;
				CLANG_WARN_DIRECT_OBJC_ISA_USAGE = YES_ERROR;
				CLANG_WARN_EMPTY_BODY = YES;
				CLANG_WARN_ENUM_CONVERSION = YES;
				CLANG_WARN_INT_CONVERSION = YES;
				CLANG_WARN_OBJC_ROOT_CLASS = YES_ERROR;
				CLANG_WARN_UNREACHABLE_CODE = YES;
				CLANG_WARN__DUPLICATE_METHOD_MATCH = YES;
				"CODE_SIGN_IDENTITY[sdk=iphoneos*]" = "iPhone Developer";
				COPY_PHASE_STRIP = NO;
				ENABLE_STRICT_OBJC_MSGSEND = YES;
				GCC_C_LANGUAGE_STANDARD = gnu99;
				GCC_DYNAMIC_NO_PIC = NO;
				GCC_OPTIMIZATION_LEVEL = 0;
				GCC_PREPROCESSOR_DEFINITIONS = (
					"DEBUG=1",
					"$(inherited)",
				);
				GCC_SYMBOLS_PRIVATE_EXTERN = NO;
				GCC_WARN_64_TO_32_BIT_CONVERSION = YES;
				GCC_WARN_ABOUT_RETURN_TYPE = YES_ERROR;
				GCC_WARN_UNDECLARED_SELECTOR = YES;
				GCC_WARN_UNINITIALIZED_AUTOS = YES_AGGRESSIVE;
				GCC_WARN_UNUSED_FUNCTION = YES;
				GCC_WARN_UNUSED_VARIABLE = YES;
				IPHONEOS_DEPLOYMENT_TARGET = 8.1;
				MTL_ENABLE_DEBUG_INFO = YES;
				ONLY_ACTIVE_ARCH = YES;
				SDKROOT = iphoneos;
				SWIFT_OPTIMIZATION_LEVEL = "-Onone";
				TARGETED_DEVICE_FAMILY = "1,2";
			};
			name = Debug;
		};
		C4080A731A7457D8000B011F /* Release */ = {
			isa = XCBuildConfiguration;
			buildSettings = {
				ALWAYS_SEARCH_USER_PATHS = NO;
				CLANG_CXX_LANGUAGE_STANDARD = "gnu++0x";
				CLANG_CXX_LIBRARY = "libc++";
				CLANG_ENABLE_MODULES = YES;
				CLANG_ENABLE_OBJC_ARC = YES;
				CLANG_WARN_BOOL_CONVERSION = YES;
				CLANG_WARN_CONSTANT_CONVERSION = YES;
				CLANG_WARN_DIRECT_OBJC_ISA_USAGE = YES_ERROR;
				CLANG_WARN_EMPTY_BODY = YES;
				CLANG_WARN_ENUM_CONVERSION = YES;
				CLANG_WARN_INT_CONVERSION = YES;
				CLANG_WARN_OBJC_ROOT_CLASS = YES_ERROR;
				CLANG_WARN_UNREACHABLE_CODE = YES;
				CLANG_WARN__DUPLICATE_METHOD_MATCH = YES;
				"CODE_SIGN_IDENTITY[sdk=iphoneos*]" = "iPhone Developer";
				COPY_PHASE_STRIP = YES;
				ENABLE_NS_ASSERTIONS = NO;
				ENABLE_STRICT_OBJC_MSGSEND = YES;
				GCC_C_LANGUAGE_STANDARD = gnu99;
				GCC_WARN_64_TO_32_BIT_CONVERSION = YES;
				GCC_WARN_ABOUT_RETURN_TYPE = YES_ERROR;
				GCC_WARN_UNDECLARED_SELECTOR = YES;
				GCC_WARN_UNINITIALIZED_AUTOS = YES_AGGRESSIVE;
				GCC_WARN_UNUSED_FUNCTION = YES;
				GCC_WARN_UNUSED_VARIABLE = YES;
				IPHONEOS_DEPLOYMENT_TARGET = 8.1;
				MTL_ENABLE_DEBUG_INFO = NO;
				SDKROOT = iphoneos;
				TARGETED_DEVICE_FAMILY = "1,2";
				VALIDATE_PRODUCT = YES;
			};
			name = Release;
		};
		C4080A751A7457D8000B011F /* Debug */ = {
			isa = XCBuildConfiguration;
			buildSettings = {
				ASSETCATALOG_COMPILER_APPICON_NAME = AppIcon;
				INFOPLIST_FILE = github_fellows/Info.plist;
				LD_RUNPATH_SEARCH_PATHS = "$(inherited) @executable_path/Frameworks";
				PRODUCT_NAME = "$(TARGET_NAME)";
			};
			name = Debug;
		};
		C4080A761A7457D8000B011F /* Release */ = {
			isa = XCBuildConfiguration;
			buildSettings = {
				ASSETCATALOG_COMPILER_APPICON_NAME = AppIcon;
				INFOPLIST_FILE = github_fellows/Info.plist;
				LD_RUNPATH_SEARCH_PATHS = "$(inherited) @executable_path/Frameworks";
				PRODUCT_NAME = "$(TARGET_NAME)";
			};
			name = Release;
		};
		C4080A781A7457D8000B011F /* Debug */ = {
			isa = XCBuildConfiguration;
			buildSettings = {
				BUNDLE_LOADER = "$(TEST_HOST)";
				FRAMEWORK_SEARCH_PATHS = (
					"$(SDKROOT)/Developer/Library/Frameworks",
					"$(inherited)",
				);
				GCC_PREPROCESSOR_DEFINITIONS = (
					"DEBUG=1",
					"$(inherited)",
				);
				INFOPLIST_FILE = github_fellowsTests/Info.plist;
				LD_RUNPATH_SEARCH_PATHS = "$(inherited) @executable_path/Frameworks @loader_path/Frameworks";
				PRODUCT_NAME = "$(TARGET_NAME)";
				TEST_HOST = "$(BUILT_PRODUCTS_DIR)/github_fellows.app/github_fellows";
			};
			name = Debug;
		};
		C4080A791A7457D8000B011F /* Release */ = {
			isa = XCBuildConfiguration;
			buildSettings = {
				BUNDLE_LOADER = "$(TEST_HOST)";
				FRAMEWORK_SEARCH_PATHS = (
					"$(SDKROOT)/Developer/Library/Frameworks",
					"$(inherited)",
				);
				INFOPLIST_FILE = github_fellowsTests/Info.plist;
				LD_RUNPATH_SEARCH_PATHS = "$(inherited) @executable_path/Frameworks @loader_path/Frameworks";
				PRODUCT_NAME = "$(TARGET_NAME)";
				TEST_HOST = "$(BUILT_PRODUCTS_DIR)/github_fellows.app/github_fellows";
			};
			name = Release;
		};
/* End XCBuildConfiguration section */

/* Begin XCConfigurationList section */
		C4080A501A7457D8000B011F /* Build configuration list for PBXProject "github_fellows" */ = {
			isa = XCConfigurationList;
			buildConfigurations = (
				C4080A721A7457D8000B011F /* Debug */,
				C4080A731A7457D8000B011F /* Release */,
			);
			defaultConfigurationIsVisible = 0;
			defaultConfigurationName = Release;
		};
		C4080A741A7457D8000B011F /* Build configuration list for PBXNativeTarget "github_fellows" */ = {
			isa = XCConfigurationList;
			buildConfigurations = (
				C4080A751A7457D8000B011F /* Debug */,
				C4080A761A7457D8000B011F /* Release */,
			);
			defaultConfigurationIsVisible = 0;
			defaultConfigurationName = Release;
		};
		C4080A771A7457D8000B011F /* Build configuration list for PBXNativeTarget "github_fellowsTests" */ = {
			isa = XCConfigurationList;
			buildConfigurations = (
				C4080A781A7457D8000B011F /* Debug */,
				C4080A791A7457D8000B011F /* Release */,
			);
			defaultConfigurationIsVisible = 0;
			defaultConfigurationName = Release;
		};
/* End XCConfigurationList section */
	};
	rootObject = C4080A4D1A7457D8000B011F /* Project object */;
}
